// !$*UTF8*$!
{
	archiveVersion = 1;
	classes = {
	};
	objectVersion = 50;
	objects = {

/* Begin PBXBuildFile section */
		8504E79E2375647B00AC0D63 /* ViewControllerExtention.swift in Sources */ = {isa = PBXBuildFile; fileRef = 8504E79D2375647B00AC0D63 /* ViewControllerExtention.swift */; };
		8504E7A22375810D00AC0D63 /* EventParserProtocol.swift in Sources */ = {isa = PBXBuildFile; fileRef = 8504E7A12375810D00AC0D63 /* EventParserProtocol.swift */; };
		851FF68B23671FD600F70CB7 /* MapPin.swift in Sources */ = {isa = PBXBuildFile; fileRef = 851FF68A23671FD600F70CB7 /* MapPin.swift */; };
		8573E34F237ABD8B00E167A5 /* .swiftlint.yml in Resources */ = {isa = PBXBuildFile; fileRef = 8573E34E237ABD8B00E167A5 /* .swiftlint.yml */; };
		85952ED12361BAA300D4354A /* searchBut.png in Resources */ = {isa = PBXBuildFile; fileRef = 85952ED02361BAA300D4354A /* searchBut.png */; };
		859BC7DA23618F4200D65209 /* AppDelegate.swift in Sources */ = {isa = PBXBuildFile; fileRef = 859BC7D923618F4200D65209 /* AppDelegate.swift */; };
		859BC7DC23618F4200D65209 /* ViewController.swift in Sources */ = {isa = PBXBuildFile; fileRef = 859BC7DB23618F4200D65209 /* ViewController.swift */; };
		859BC7DF23618F4200D65209 /* Main.storyboard in Resources */ = {isa = PBXBuildFile; fileRef = 859BC7DD23618F4200D65209 /* Main.storyboard */; };
		859BC7E423618F4400D65209 /* Assets.xcassets in Resources */ = {isa = PBXBuildFile; fileRef = 859BC7E323618F4400D65209 /* Assets.xcassets */; };
		859BC7E723618F4400D65209 /* LaunchScreen.storyboard in Resources */ = {isa = PBXBuildFile; fileRef = 859BC7E523618F4400D65209 /* LaunchScreen.storyboard */; };
		85B59CA42361AA7F0058504F /* mapIcon@2x.png in Resources */ = {isa = PBXBuildFile; fileRef = 85B59CA12361AA7F0058504F /* mapIcon@2x.png */; };
		85B59CA52361AA7F0058504F /* mapIcon.png in Resources */ = {isa = PBXBuildFile; fileRef = 85B59CA22361AA7F0058504F /* mapIcon.png */; };
		85B59CA62361AA7F0058504F /* mapIcon@3x.png in Resources */ = {isa = PBXBuildFile; fileRef = 85B59CA32361AA7F0058504F /* mapIcon@3x.png */; };
		85D3B16F2362DD4000A30DF3 /* EventDetails.swift in Sources */ = {isa = PBXBuildFile; fileRef = 85D3B16E2362DD4000A30DF3 /* EventDetails.swift */; };
		85D3B1712362E4C100A30DF3 /* Image.swift in Sources */ = {isa = PBXBuildFile; fileRef = 85D3B1702362E4C100A30DF3 /* Image.swift */; };
		85D3B1732362E70A00A30DF3 /* Events.swift in Sources */ = {isa = PBXBuildFile; fileRef = 85D3B1722362E70A00A30DF3 /* Events.swift */; };
		85D3B1762362EA1600A30DF3 /* EventParser.swift in Sources */ = {isa = PBXBuildFile; fileRef = 85D3B1752362EA1600A30DF3 /* EventParser.swift */; };
		85F65F062366FBBE0020D5A5 /* Event.swift in Sources */ = {isa = PBXBuildFile; fileRef = 85F65F052366FBBE0020D5A5 /* Event.swift */; };
		BCF0C0D58B53A6B129BE259C /* Pods_EventfulViewer.framework in Frameworks */ = {isa = PBXBuildFile; fileRef = F37EB35B7EE75D1478756AE3 /* Pods_EventfulViewer.framework */; };
/* End PBXBuildFile section */

/* Begin PBXFileReference section */
		7ED4585C06CE44D0BBFE3E57 /* Pods-EventfulViewer.debug.xcconfig */ = {isa = PBXFileReference; includeInIndex = 1; lastKnownFileType = text.xcconfig; name = "Pods-EventfulViewer.debug.xcconfig"; path = "Pods/Target Support Files/Pods-EventfulViewer/Pods-EventfulViewer.debug.xcconfig"; sourceTree = "<group>"; };
		8504E79D2375647B00AC0D63 /* ViewControllerExtention.swift */ = {isa = PBXFileReference; lastKnownFileType = sourcecode.swift; path = ViewControllerExtention.swift; sourceTree = "<group>"; };
		8504E7A12375810D00AC0D63 /* EventParserProtocol.swift */ = {isa = PBXFileReference; lastKnownFileType = sourcecode.swift; path = EventParserProtocol.swift; sourceTree = "<group>"; };
		851FF68A23671FD600F70CB7 /* MapPin.swift */ = {isa = PBXFileReference; lastKnownFileType = sourcecode.swift; path = MapPin.swift; sourceTree = "<group>"; };
		8573E34E237ABD8B00E167A5 /* .swiftlint.yml */ = {isa = PBXFileReference; lastKnownFileType = text.xml; path = .swiftlint.yml; sourceTree = SOURCE_ROOT; };
		85952ED02361BAA300D4354A /* searchBut.png */ = {isa = PBXFileReference; lastKnownFileType = image.png; path = searchBut.png; sourceTree = "<group>"; };
		859BC7D623618F4200D65209 /* EventfulViewer.app */ = {isa = PBXFileReference; explicitFileType = wrapper.application; includeInIndex = 0; path = EventfulViewer.app; sourceTree = BUILT_PRODUCTS_DIR; };
		859BC7D923618F4200D65209 /* AppDelegate.swift */ = {isa = PBXFileReference; lastKnownFileType = sourcecode.swift; path = AppDelegate.swift; sourceTree = "<group>"; };
		859BC7DB23618F4200D65209 /* ViewController.swift */ = {isa = PBXFileReference; lastKnownFileType = sourcecode.swift; path = ViewController.swift; sourceTree = "<group>"; };
		859BC7DE23618F4200D65209 /* Base */ = {isa = PBXFileReference; lastKnownFileType = file.storyboard; name = Base; path = Base.lproj/Main.storyboard; sourceTree = "<group>"; };
		859BC7E323618F4400D65209 /* Assets.xcassets */ = {isa = PBXFileReference; lastKnownFileType = folder.assetcatalog; path = Assets.xcassets; sourceTree = "<group>"; };
		859BC7E623618F4400D65209 /* Base */ = {isa = PBXFileReference; lastKnownFileType = file.storyboard; name = Base; path = Base.lproj/LaunchScreen.storyboard; sourceTree = "<group>"; };
		859BC7E823618F4400D65209 /* Info.plist */ = {isa = PBXFileReference; lastKnownFileType = text.plist.xml; path = Info.plist; sourceTree = "<group>"; };
		85B59CA12361AA7F0058504F /* mapIcon@2x.png */ = {isa = PBXFileReference; lastKnownFileType = image.png; path = "mapIcon@2x.png"; sourceTree = "<group>"; };
		85B59CA22361AA7F0058504F /* mapIcon.png */ = {isa = PBXFileReference; lastKnownFileType = image.png; path = mapIcon.png; sourceTree = "<group>"; };
		85B59CA32361AA7F0058504F /* mapIcon@3x.png */ = {isa = PBXFileReference; lastKnownFileType = image.png; path = "mapIcon@3x.png"; sourceTree = "<group>"; };
		85D3B16E2362DD4000A30DF3 /* EventDetails.swift */ = {isa = PBXFileReference; lastKnownFileType = sourcecode.swift; path = EventDetails.swift; sourceTree = "<group>"; };
		85D3B1702362E4C100A30DF3 /* Image.swift */ = {isa = PBXFileReference; lastKnownFileType = sourcecode.swift; path = Image.swift; sourceTree = "<group>"; };
		85D3B1722362E70A00A30DF3 /* Events.swift */ = {isa = PBXFileReference; lastKnownFileType = sourcecode.swift; path = Events.swift; sourceTree = "<group>"; };
		85D3B1752362EA1600A30DF3 /* EventParser.swift */ = {isa = PBXFileReference; lastKnownFileType = sourcecode.swift; path = EventParser.swift; sourceTree = "<group>"; };
		85F65F052366FBBE0020D5A5 /* Event.swift */ = {isa = PBXFileReference; lastKnownFileType = sourcecode.swift; path = Event.swift; sourceTree = "<group>"; };
		95A42F0969DF4DC7A73FE157 /* Pods-EventfulViewer.release.xcconfig */ = {isa = PBXFileReference; includeInIndex = 1; lastKnownFileType = text.xcconfig; name = "Pods-EventfulViewer.release.xcconfig"; path = "Pods/Target Support Files/Pods-EventfulViewer/Pods-EventfulViewer.release.xcconfig"; sourceTree = "<group>"; };
		F37EB35B7EE75D1478756AE3 /* Pods_EventfulViewer.framework */ = {isa = PBXFileReference; explicitFileType = wrapper.framework; includeInIndex = 0; path = Pods_EventfulViewer.framework; sourceTree = BUILT_PRODUCTS_DIR; };
/* End PBXFileReference section */

/* Begin PBXFrameworksBuildPhase section */
		859BC7D323618F4200D65209 /* Frameworks */ = {
			isa = PBXFrameworksBuildPhase;
			buildActionMask = 2147483647;
			files = (
				BCF0C0D58B53A6B129BE259C /* Pods_EventfulViewer.framework in Frameworks */,
			);
			runOnlyForDeploymentPostprocessing = 0;
		};
/* End PBXFrameworksBuildPhase section */

/* Begin PBXGroup section */
		8504E79C2375644700AC0D63 /* Extentions */ = {
			isa = PBXGroup;
			children = (
				8504E79D2375647B00AC0D63 /* ViewControllerExtention.swift */,
			);
			path = Extentions;
			sourceTree = "<group>";
		};
		858988EB2362F4180063EEF3 /* Resourses */ = {
			isa = PBXGroup;
			children = (
				859BC7E323618F4400D65209 /* Assets.xcassets */,
				859BC7E523618F4400D65209 /* LaunchScreen.storyboard */,
			);
			path = Resourses;
			sourceTree = "<group>";
		};
		859BC7CD23618F4200D65209 = {
			isa = PBXGroup;
			children = (
				859BC7D823618F4200D65209 /* EventfulViewer */,
				859BC7D723618F4200D65209 /* Products */,
				9BC8F68F4D634749412F3338 /* Pods */,
				FA605512F13AECCB387FEEF7 /* Frameworks */,
			);
			sourceTree = "<group>";
		};
		859BC7D723618F4200D65209 /* Products */ = {
			isa = PBXGroup;
			children = (
				859BC7D623618F4200D65209 /* EventfulViewer.app */,
			);
			name = Products;
			sourceTree = "<group>";
		};
		859BC7D823618F4200D65209 /* EventfulViewer */ = {
			isa = PBXGroup;
			children = (
				8504E79C2375644700AC0D63 /* Extentions */,
				85D3B1772362F38200A30DF3 /* Application */,
				85D3B1742362E93400A30DF3 /* Networking */,
				859BC7F02361A9D300D65209 /* Icons */,
				858988EB2362F4180063EEF3 /* Resourses */,
				859BC7DB23618F4200D65209 /* ViewController.swift */,
				851FF68A23671FD600F70CB7 /* MapPin.swift */,
				859BC7DD23618F4200D65209 /* Main.storyboard */,
				859BC7E823618F4400D65209 /* Info.plist */,
				8573E34E237ABD8B00E167A5 /* .swiftlint.yml */,
			);
			path = EventfulViewer;
			sourceTree = "<group>";
		};
		859BC7F02361A9D300D65209 /* Icons */ = {
			isa = PBXGroup;
			children = (
				85B59CA22361AA7F0058504F /* mapIcon.png */,
				85B59CA12361AA7F0058504F /* mapIcon@2x.png */,
				85B59CA32361AA7F0058504F /* mapIcon@3x.png */,
				85952ED02361BAA300D4354A /* searchBut.png */,
			);
			path = Icons;
			sourceTree = "<group>";
		};
		85D3B1742362E93400A30DF3 /* Networking */ = {
			isa = PBXGroup;
			children = (
				85D3B1722362E70A00A30DF3 /* Events.swift */,
				85F65F052366FBBE0020D5A5 /* Event.swift */,
				85D3B16E2362DD4000A30DF3 /* EventDetails.swift */,
				85D3B1702362E4C100A30DF3 /* Image.swift */,
				8504E7A12375810D00AC0D63 /* EventParserProtocol.swift */,
				85D3B1752362EA1600A30DF3 /* EventParser.swift */,
			);
			path = Networking;
			sourceTree = "<group>";
		};
		85D3B1772362F38200A30DF3 /* Application */ = {
			isa = PBXGroup;
			children = (
				859BC7D923618F4200D65209 /* AppDelegate.swift */,
			);
			path = Application;
			sourceTree = "<group>";
		};
		9BC8F68F4D634749412F3338 /* Pods */ = {
			isa = PBXGroup;
			children = (
				7ED4585C06CE44D0BBFE3E57 /* Pods-EventfulViewer.debug.xcconfig */,
				95A42F0969DF4DC7A73FE157 /* Pods-EventfulViewer.release.xcconfig */,
			);
			name = Pods;
			sourceTree = "<group>";
		};
		FA605512F13AECCB387FEEF7 /* Frameworks */ = {
			isa = PBXGroup;
			children = (
				F37EB35B7EE75D1478756AE3 /* Pods_EventfulViewer.framework */,
			);
			name = Frameworks;
			sourceTree = "<group>";
		};
/* End PBXGroup section */

/* Begin PBXNativeTarget section */
		859BC7D523618F4200D65209 /* EventfulViewer */ = {
			isa = PBXNativeTarget;
			buildConfigurationList = 859BC7EB23618F4400D65209 /* Build configuration list for PBXNativeTarget "EventfulViewer" */;
			buildPhases = (
				B295CF64E6A2A66D6074A595 /* [CP] Check Pods Manifest.lock */,
				859BC7D223618F4200D65209 /* Sources */,
				859BC7D323618F4200D65209 /* Frameworks */,
				859BC7D423618F4200D65209 /* Resources */,
				854AA6DA2371725D007336EE /* Run Script */,
			);
			buildRules = (
			);
			dependencies = (
			);
			name = EventfulViewer;
			productName = EventfulViewer;
			productReference = 859BC7D623618F4200D65209 /* EventfulViewer.app */;
			productType = "com.apple.product-type.application";
		};
/* End PBXNativeTarget section */

/* Begin PBXProject section */
		859BC7CE23618F4200D65209 /* Project object */ = {
			isa = PBXProject;
			attributes = {
				LastSwiftUpdateCheck = 1030;
				LastUpgradeCheck = 1030;
				ORGANIZATIONNAME = Stminchuk;
				TargetAttributes = {
					859BC7D523618F4200D65209 = {
						CreatedOnToolsVersion = 10.3;
					};
				};
			};
			buildConfigurationList = 859BC7D123618F4200D65209 /* Build configuration list for PBXProject "EventfulViewer" */;
			compatibilityVersion = "Xcode 9.3";
			developmentRegion = en;
			hasScannedForEncodings = 0;
			knownRegions = (
				en,
				Base,
			);
			mainGroup = 859BC7CD23618F4200D65209;
			productRefGroup = 859BC7D723618F4200D65209 /* Products */;
			projectDirPath = "";
			projectRoot = "";
			targets = (
				859BC7D523618F4200D65209 /* EventfulViewer */,
			);
		};
/* End PBXProject section */

/* Begin PBXResourcesBuildPhase section */
		859BC7D423618F4200D65209 /* Resources */ = {
			isa = PBXResourcesBuildPhase;
			buildActionMask = 2147483647;
			files = (
				8573E34F237ABD8B00E167A5 /* .swiftlint.yml in Resources */,
				85952ED12361BAA300D4354A /* searchBut.png in Resources */,
				85B59CA52361AA7F0058504F /* mapIcon.png in Resources */,
				85B59CA62361AA7F0058504F /* mapIcon@3x.png in Resources */,
				859BC7E723618F4400D65209 /* LaunchScreen.storyboard in Resources */,
				859BC7E423618F4400D65209 /* Assets.xcassets in Resources */,
				85B59CA42361AA7F0058504F /* mapIcon@2x.png in Resources */,
				859BC7DF23618F4200D65209 /* Main.storyboard in Resources */,
			);
			runOnlyForDeploymentPostprocessing = 0;
		};
/* End PBXResourcesBuildPhase section */

/* Begin PBXShellScriptBuildPhase section */
		854AA6DA2371725D007336EE /* Run Script */ = {
			isa = PBXShellScriptBuildPhase;
			buildActionMask = 2147483647;
			files = (
			);
			inputFileListPaths = (
			);
			inputPaths = (
			);
			name = "Run Script";
			outputFileListPaths = (
			);
			outputPaths = (
			);
			runOnlyForDeploymentPostprocessing = 0;
			shellPath = /bin/sh;
			shellScript = "# Type a script or drag a script file from your workspace to insert its path.\n${PODS_ROOT}/SwiftLint/swiftlint\n";
		};
		B295CF64E6A2A66D6074A595 /* [CP] Check Pods Manifest.lock */ = {
			isa = PBXShellScriptBuildPhase;
			buildActionMask = 2147483647;
			files = (
			);
			inputFileListPaths = (
			);
			inputPaths = (
				"${PODS_PODFILE_DIR_PATH}/Podfile.lock",
				"${PODS_ROOT}/Manifest.lock",
			);
			name = "[CP] Check Pods Manifest.lock";
			outputFileListPaths = (
			);
			outputPaths = (
				"$(DERIVED_FILE_DIR)/Pods-EventfulViewer-checkManifestLockResult.txt",
			);
			runOnlyForDeploymentPostprocessing = 0;
			shellPath = /bin/sh;
			shellScript = "diff \"${PODS_PODFILE_DIR_PATH}/Podfile.lock\" \"${PODS_ROOT}/Manifest.lock\" > /dev/null\nif [ $? != 0 ] ; then\n    # print error to STDERR\n    echo \"error: The sandbox is not in sync with the Podfile.lock. Run 'pod install' or update your CocoaPods installation.\" >&2\n    exit 1\nfi\n# This output is used by Xcode 'outputs' to avoid re-running this script phase.\necho \"SUCCESS\" > \"${SCRIPT_OUTPUT_FILE_0}\"\n";
			showEnvVarsInLog = 0;
		};
/* End PBXShellScriptBuildPhase section */

/* Begin PBXSourcesBuildPhase section */
		859BC7D223618F4200D65209 /* Sources */ = {
			isa = PBXSourcesBuildPhase;
			buildActionMask = 2147483647;
			files = (
				8504E79E2375647B00AC0D63 /* ViewControllerExtention.swift in Sources */,
				85D3B1762362EA1600A30DF3 /* EventParser.swift in Sources */,
				8504E7A22375810D00AC0D63 /* EventParserProtocol.swift in Sources */,
				85F65F062366FBBE0020D5A5 /* Event.swift in Sources */,
				85D3B1732362E70A00A30DF3 /* Events.swift in Sources */,
				85D3B16F2362DD4000A30DF3 /* EventDetails.swift in Sources */,
				859BC7DC23618F4200D65209 /* ViewController.swift in Sources */,
				851FF68B23671FD600F70CB7 /* MapPin.swift in Sources */,
				859BC7DA23618F4200D65209 /* AppDelegate.swift in Sources */,
				85D3B1712362E4C100A30DF3 /* Image.swift in Sources */,
			);
			runOnlyForDeploymentPostprocessing = 0;
		};
/* End PBXSourcesBuildPhase section */

/* Begin PBXVariantGroup section */
		859BC7DD23618F4200D65209 /* Main.storyboard */ = {
			isa = PBXVariantGroup;
			children = (
				859BC7DE23618F4200D65209 /* Base */,
			);
			name = Main.storyboard;
			sourceTree = "<group>";
		};
		859BC7E523618F4400D65209 /* LaunchScreen.storyboard */ = {
			isa = PBXVariantGroup;
			children = (
				859BC7E623618F4400D65209 /* Base */,
			);
			name = LaunchScreen.storyboard;
			sourceTree = "<group>";
		};
/* End PBXVariantGroup section */

/* Begin XCBuildConfiguration section */
		859BC7E923618F4400D65209 /* Debug */ = {
			isa = XCBuildConfiguration;
			buildSettings = {
				ALWAYS_SEARCH_USER_PATHS = NO;
				CLANG_ANALYZER_NONNULL = YES;
				CLANG_ANALYZER_NUMBER_OBJECT_CONVERSION = YES_AGGRESSIVE;
				CLANG_CXX_LANGUAGE_STANDARD = "gnu++14";
				CLANG_CXX_LIBRARY = "libc++";
				CLANG_ENABLE_MODULES = YES;
				CLANG_ENABLE_OBJC_ARC = YES;
				CLANG_ENABLE_OBJC_WEAK = YES;
				CLANG_WARN_BLOCK_CAPTURE_AUTORELEASING = YES;
				CLANG_WARN_BOOL_CONVERSION = YES;
				CLANG_WARN_COMMA = YES;
				CLANG_WARN_CONSTANT_CONVERSION = YES;
				CLANG_WARN_DEPRECATED_OBJC_IMPLEMENTATIONS = YES;
				CLANG_WARN_DIRECT_OBJC_ISA_USAGE = YES_ERROR;
				CLANG_WARN_DOCUMENTATION_COMMENTS = YES;
				CLANG_WARN_EMPTY_BODY = YES;
				CLANG_WARN_ENUM_CONVERSION = YES;
				CLANG_WARN_INFINITE_RECURSION = YES;
				CLANG_WARN_INT_CONVERSION = YES;
				CLANG_WARN_NON_LITERAL_NULL_CONVERSION = YES;
				CLANG_WARN_OBJC_IMPLICIT_RETAIN_SELF = YES;
				CLANG_WARN_OBJC_LITERAL_CONVERSION = YES;
				CLANG_WARN_OBJC_ROOT_CLASS = YES_ERROR;
				CLANG_WARN_RANGE_LOOP_ANALYSIS = YES;
				CLANG_WARN_STRICT_PROTOTYPES = YES;
				CLANG_WARN_SUSPICIOUS_MOVE = YES;
				CLANG_WARN_UNGUARDED_AVAILABILITY = YES_AGGRESSIVE;
				CLANG_WARN_UNREACHABLE_CODE = YES;
				CLANG_WARN__DUPLICATE_METHOD_MATCH = YES;
				CODE_SIGN_IDENTITY = "iPhone Developer";
				COPY_PHASE_STRIP = NO;
				DEBUG_INFORMATION_FORMAT = dwarf;
				ENABLE_STRICT_OBJC_MSGSEND = YES;
				ENABLE_TESTABILITY = YES;
				GCC_C_LANGUAGE_STANDARD = gnu11;
				GCC_DYNAMIC_NO_PIC = NO;
				GCC_NO_COMMON_BLOCKS = YES;
				GCC_OPTIMIZATION_LEVEL = 0;
				GCC_PREPROCESSOR_DEFINITIONS = (
					"DEBUG=1",
					"$(inherited)",
				);
				GCC_WARN_64_TO_32_BIT_CONVERSION = YES;
				GCC_WARN_ABOUT_RETURN_TYPE = YES_ERROR;
				GCC_WARN_UNDECLARED_SELECTOR = YES;
				GCC_WARN_UNINITIALIZED_AUTOS = YES_AGGRESSIVE;
				GCC_WARN_UNUSED_FUNCTION = YES;
				GCC_WARN_UNUSED_VARIABLE = YES;
				IPHONEOS_DEPLOYMENT_TARGET = 12.4;
				MTL_ENABLE_DEBUG_INFO = INCLUDE_SOURCE;
				MTL_FAST_MATH = YES;
				ONLY_ACTIVE_ARCH = YES;
				SDKROOT = iphoneos;
				SWIFT_ACTIVE_COMPILATION_CONDITIONS = DEBUG;
				SWIFT_OPTIMIZATION_LEVEL = "-Onone";
			};
			name = Debug;
		};
		859BC7EA23618F4400D65209 /* Release */ = {
			isa = XCBuildConfiguration;
			buildSettings = {
				ALWAYS_SEARCH_USER_PATHS = NO;
				CLANG_ANALYZER_NONNULL = YES;
				CLANG_ANALYZER_NUMBER_OBJECT_CONVERSION = YES_AGGRESSIVE;
				CLANG_CXX_LANGUAGE_STANDARD = "gnu++14";
				CLANG_CXX_LIBRARY = "libc++";
				CLANG_ENABLE_MODULES = YES;
				CLANG_ENABLE_OBJC_ARC = YES;
				CLANG_ENABLE_OBJC_WEAK = YES;
				CLANG_WARN_BLOCK_CAPTURE_AUTORELEASING = YES;
				CLANG_WARN_BOOL_CONVERSION = YES;
				CLANG_WARN_COMMA = YES;
				CLANG_WARN_CONSTANT_CONVERSION = YES;
				CLANG_WARN_DEPRECATED_OBJC_IMPLEMENTATIONS = YES;
				CLANG_WARN_DIRECT_OBJC_ISA_USAGE = YES_ERROR;
				CLANG_WARN_DOCUMENTATION_COMMENTS = YES;
				CLANG_WARN_EMPTY_BODY = YES;
				CLANG_WARN_ENUM_CONVERSION = YES;
				CLANG_WARN_INFINITE_RECURSION = YES;
				CLANG_WARN_INT_CONVERSION = YES;
				CLANG_WARN_NON_LITERAL_NULL_CONVERSION = YES;
				CLANG_WARN_OBJC_IMPLICIT_RETAIN_SELF = YES;
				CLANG_WARN_OBJC_LITERAL_CONVERSION = YES;
				CLANG_WARN_OBJC_ROOT_CLASS = YES_ERROR;
				CLANG_WARN_RANGE_LOOP_ANALYSIS = YES;
				CLANG_WARN_STRICT_PROTOTYPES = YES;
				CLANG_WARN_SUSPICIOUS_MOVE = YES;
				CLANG_WARN_UNGUARDED_AVAILABILITY = YES_AGGRESSIVE;
				CLANG_WARN_UNREACHABLE_CODE = YES;
				CLANG_WARN__DUPLICATE_METHOD_MATCH = YES;
				CODE_SIGN_IDENTITY = "iPhone Developer";
				COPY_PHASE_STRIP = NO;
				DEBUG_INFORMATION_FORMAT = "dwarf-with-dsym";
				ENABLE_NS_ASSERTIONS = NO;
				ENABLE_STRICT_OBJC_MSGSEND = YES;
				GCC_C_LANGUAGE_STANDARD = gnu11;
				GCC_NO_COMMON_BLOCKS = YES;
				GCC_WARN_64_TO_32_BIT_CONVERSION = YES;
				GCC_WARN_ABOUT_RETURN_TYPE = YES_ERROR;
				GCC_WARN_UNDECLARED_SELECTOR = YES;
				GCC_WARN_UNINITIALIZED_AUTOS = YES_AGGRESSIVE;
				GCC_WARN_UNUSED_FUNCTION = YES;
				GCC_WARN_UNUSED_VARIABLE = YES;
				IPHONEOS_DEPLOYMENT_TARGET = 12.4;
				MTL_ENABLE_DEBUG_INFO = NO;
				MTL_FAST_MATH = YES;
				SDKROOT = iphoneos;
				SWIFT_COMPILATION_MODE = wholemodule;
				SWIFT_OPTIMIZATION_LEVEL = "-O";
				VALIDATE_PRODUCT = YES;
			};
			name = Release;
		};
		859BC7EC23618F4400D65209 /* Debug */ = {
			isa = XCBuildConfiguration;
			baseConfigurationReference = 7ED4585C06CE44D0BBFE3E57 /* Pods-EventfulViewer.debug.xcconfig */;
			buildSettings = {
				ASSETCATALOG_COMPILER_APPICON_NAME = AppIcon;
				CODE_SIGN_STYLE = Automatic;
				DEVELOPMENT_TEAM = 83H6A623AA;
				INFOPLIST_FILE = EventfulViewer/Info.plist;
				LD_RUNPATH_SEARCH_PATHS = (
					"$(inherited)",
					"@executable_path/Frameworks",
				);
				PRODUCT_BUNDLE_IDENTIFIER = com.stminchuk.EventfulViewer;
				PRODUCT_NAME = "$(TARGET_NAME)";
				SWIFT_VERSION = 5.0;
				TARGETED_DEVICE_FAMILY = 1;
			};
			name = Debug;
		};
		859BC7ED23618F4400D65209 /* Release */ = {
			isa = XCBuildConfiguration;
			baseConfigurationReference = 95A42F0969DF4DC7A73FE157 /* Pods-EventfulViewer.release.xcconfig */;
			buildSettings = {
				ASSETCATALOG_COMPILER_APPICON_NAME = AppIcon;
				CODE_SIGN_STYLE = Automatic;
				DEVELOPMENT_TEAM = 83H6A623AA;
				INFOPLIST_FILE = EventfulViewer/Info.plist;
				LD_RUNPATH_SEARCH_PATHS = (
					"$(inherited)",
					"@executable_path/Frameworks",
				);
				PRODUCT_BUNDLE_IDENTIFIER = com.stminchuk.EventfulViewer;
				PRODUCT_NAME = "$(TARGET_NAME)";
				SWIFT_VERSION = 5.0;
				TARGETED_DEVICE_FAMILY = 1;
			};
			name = Release;
		};
/* End XCBuildConfiguration section */

/* Begin XCConfigurationList section */
		859BC7D123618F4200D65209 /* Build configuration list for PBXProject "EventfulViewer" */ = {
			isa = XCConfigurationList;
			buildConfigurations = (
				859BC7E923618F4400D65209 /* Debug */,
				859BC7EA23618F4400D65209 /* Release */,
			);
			defaultConfigurationIsVisible = 0;
			defaultConfigurationName = Release;
		};
		859BC7EB23618F4400D65209 /* Build configuration list for PBXNativeTarget "EventfulViewer" */ = {
			isa = XCConfigurationList;
			buildConfigurations = (
				859BC7EC23618F4400D65209 /* Debug */,
				859BC7ED23618F4400D65209 /* Release */,
			);
			defaultConfigurationIsVisible = 0;
			defaultConfigurationName = Release;
		};
/* End XCConfigurationList section */
	};
	rootObject = 859BC7CE23618F4200D65209 /* Project object */;
}
